# THIS IS AN AUTOGENERATED FILE. DO NOT EDIT THIS FILE DIRECTLY.
# yarn lockfile v1


argparse@^1.0.7:
  version "1.0.10"
  resolved "https://registry.yarnpkg.com/argparse/-/argparse-1.0.10.tgz#bcd6791ea5ae09725e17e5ad988134cd40b3d911"
  dependencies:
    sprintf-js "~1.0.2"

entities@~1.1.1:
  version "1.1.1"
  resolved "https://registry.yarnpkg.com/entities/-/entities-1.1.1.tgz#6e5c2d0a5621b5dadaecef80b90edfb5cd7772f0"

linkify-it@^2.0.0:
  version "2.0.3"
  resolved "https://registry.yarnpkg.com/linkify-it/-/linkify-it-2.0.3.tgz#d94a4648f9b1c179d64fa97291268bdb6ce9434f"
  dependencies:
    uc.micro "^1.0.1"

markdown-it@^8.4.1:
  version "8.4.1"
  resolved "https://registry.yarnpkg.com/markdown-it/-/markdown-it-8.4.1.tgz#206fe59b0e4e1b78a7c73250af9b34a4ad0aaf44"
  dependencies:
    argparse "^1.0.7"
    entities "~1.1.1"
    linkify-it "^2.0.0"
    mdurl "^1.0.1"
    uc.micro "^1.0.5"

mdurl@^1.0.1:
  version "1.0.1"
  resolved "https://registry.yarnpkg.com/mdurl/-/mdurl-1.0.1.tgz#fe85b2ec75a59037f2adfec100fd6c601761152e"

sprintf-js@~1.0.2:
  version "1.0.3"
  resolved "https://registry.yarnpkg.com/sprintf-js/-/sprintf-js-1.0.3.tgz#04e6926f662895354f3dd015203633b857297e2c"

uc.micro@^1.0.1, uc.micro@^1.0.5:
  version "1.0.5"
  resolved "https://registry.yarnpkg.com/uc.micro/-/uc.micro-1.0.5.tgz#0c65f15f815aa08b560a61ce8b4db7ffc3f45376"
